
Microsoft Visual Studio Solution File, Format Version 12.00
# Visual Studio Version 16
VisualStudioVersion = 16.0.30907.101
MinimumVisualStudioVersion = 10.0.40219.1
Project("{FAE04EC0-301F-11D3-BF4B-00C04F79EFBC}") = "ShapeFactoryDemo", "ShapeFactoryDemo.csproj", "{2D935E69-3A0F-4996-B5FF-1FEA97C9BA33}"
EndProject
Global
	GlobalSection(SolutionConfigurationPlatforms) = preSolution
		Debug|Any CPU = Debug|Any CPU
		Release|Any CPU = Release|Any CPU
	EndGlobalSection
	GlobalSection(ProjectConfigurationPlatforms) = postSolution
		{2D935E69-3A0F-4996-B5FF-1FEA97C9BA33}.Debug|Any CPU.ActiveCfg = Debug|Any CPU
		{2D935E69-3A0F-4996-B5FF-1FEA97C9BA33}.Debug|Any CPU.Build.0 = Debug|Any CPU
		{2D935E69-3A0F-4996-B5FF-1FEA97C9BA33}.Release|Any CPU.ActiveCfg = Release|Any CPU
		{2D935E69-3A0F-4996-B5FF-1FEA97C9BA33}.Release|Any CPU.Build.0 = Release|Any CPU
	EndGlobalSection
	GlobalSection(SolutionProperties) = preSolution
		HideSolutionNode = FALSE
	EndGlobalSection
	GlobalSection(ExtensibilityGlobals) = postSolution
		SolutionGuid = {9947C8DC-5373-4E8A-8CB8-9B4DAD624B76}
	EndGlobalSection
EndGlobal
